version = 1
revision = 1
requires-python = ">=3.9"

[[package]]
name = "black"
version = "25.1.0"
source = { registry = "https://pypi.org/simple" }
dependencies = [
    { name = "click" },
    { name = "mypy-extensions" },
    { name = "packaging" },
    { name = "pathspec" },
    { name = "platformdirs" },
    { name = "tomli", marker = "python_full_version < '3.11'" },
    { name = "typing-extensions", marker = "python_full_version < '3.11'" },
]
sdist = { url = "https://files.pythonhosted.org/packages/94/49/26a7b0f3f35da4b5a65f081943b7bcd22d7002f5f0fb8098ec1ff21cb6ef/black-25.1.0.tar.gz", hash = "sha256:33496d5cd1222ad73391352b4ae8da15253c5de89b93a80b3e2c8d9a19ec2666", size = 649449 }
wheels = [
    { url = "https://files.pythonhosted.org/packages/4d/3b/4ba3f93ac8d90410423fdd31d7541ada9bcee1df32fb90d26de41ed40e1d/black-25.1.0-cp310-cp310-macosx_10_9_x86_64.whl", hash = "sha256:759e7ec1e050a15f89b770cefbf91ebee8917aac5c20483bc2d80a6c3a04df32", size = 1629419 },
    { url = "https://files.pythonhosted.org/packages/b4/02/0bde0485146a8a5e694daed47561785e8b77a0466ccc1f3e485d5ef2925e/black-25.1.0-cp310-cp310-macosx_11_0_arm64.whl", hash = "sha256:0e519ecf93120f34243e6b0054db49c00a35f84f195d5bce7e9f5cfc578fc2da", size = 1461080 },
    { url = "https://files.pythonhosted.org/packages/52/0e/abdf75183c830eaca7589144ff96d49bce73d7ec6ad12ef62185cc0f79a2/black-25.1.0-cp310-cp310-manylinux_2_17_x86_64.manylinux2014_x86_64.manylinux_2_28_x86_64.whl", hash = "sha256:055e59b198df7ac0b7efca5ad7ff2516bca343276c466be72eb04a3bcc1f82d7", size = 1766886 },
    { url = "https://files.pythonhosted.org/packages/dc/a6/97d8bb65b1d8a41f8a6736222ba0a334db7b7b77b8023ab4568288f23973/black-25.1.0-cp310-cp310-win_amd64.whl", hash = "sha256:db8ea9917d6f8fc62abd90d944920d95e73c83a5ee3383493e35d271aca872e9", size = 1419404 },
    { url = "https://files.pythonhosted.org/packages/7e/4f/87f596aca05c3ce5b94b8663dbfe242a12843caaa82dd3f85f1ffdc3f177/black-25.1.0-cp311-cp311-macosx_10_9_x86_64.whl", hash = "sha256:a39337598244de4bae26475f77dda852ea00a93bd4c728e09eacd827ec929df0", size = 1614372 },
    { url = "https://files.pythonhosted.org/packages/e7/d0/2c34c36190b741c59c901e56ab7f6e54dad8df05a6272a9747ecef7c6036/black-25.1.0-cp311-cp311-macosx_11_0_arm64.whl", hash = "sha256:96c1c7cd856bba8e20094e36e0f948718dc688dba4a9d78c3adde52b9e6c2299", size = 1442865 },
    { url = "https://files.pythonhosted.org/packages/21/d4/7518c72262468430ead45cf22bd86c883a6448b9eb43672765d69a8f1248/black-25.1.0-cp311-cp311-manylinux_2_17_x86_64.manylinux2014_x86_64.manylinux_2_28_x86_64.whl", hash = "sha256:bce2e264d59c91e52d8000d507eb20a9aca4a778731a08cfff7e5ac4a4bb7096", size = 1749699 },
    { url = "https://files.pythonhosted.org/packages/58/db/4f5beb989b547f79096e035c4981ceb36ac2b552d0ac5f2620e941501c99/black-25.1.0-cp311-cp311-win_amd64.whl", hash = "sha256:172b1dbff09f86ce6f4eb8edf9dede08b1fce58ba194c87d7a4f1a5aa2f5b3c2", size = 1428028 },
    { url = "https://files.pythonhosted.org/packages/83/71/3fe4741df7adf015ad8dfa082dd36c94ca86bb21f25608eb247b4afb15b2/black-25.1.0-cp312-cp312-macosx_10_13_x86_64.whl", hash = "sha256:4b60580e829091e6f9238c848ea6750efed72140b91b048770b64e74fe04908b", size = 1650988 },
    { url = "https://files.pythonhosted.org/packages/13/f3/89aac8a83d73937ccd39bbe8fc6ac8860c11cfa0af5b1c96d081facac844/black-25.1.0-cp312-cp312-macosx_11_0_arm64.whl", hash = "sha256:1e2978f6df243b155ef5fa7e558a43037c3079093ed5d10fd84c43900f2d8ecc", size = 1453985 },
    { url = "https://files.pythonhosted.org/packages/6f/22/b99efca33f1f3a1d2552c714b1e1b5ae92efac6c43e790ad539a163d1754/black-25.1.0-cp312-cp312-manylinux_2_17_x86_64.manylinux2014_x86_64.manylinux_2_28_x86_64.whl", hash = "sha256:3b48735872ec535027d979e8dcb20bf4f70b5ac75a8ea99f127c106a7d7aba9f", size = 1783816 },
    { url = "https://files.pythonhosted.org/packages/18/7e/a27c3ad3822b6f2e0e00d63d58ff6299a99a5b3aee69fa77cd4b0076b261/black-25.1.0-cp312-cp312-win_amd64.whl", hash = "sha256:ea0213189960bda9cf99be5b8c8ce66bb054af5e9e861249cd23471bd7b0b3ba", size = 1440860 },
    { url = "https://files.pythonhosted.org/packages/98/87/0edf98916640efa5d0696e1abb0a8357b52e69e82322628f25bf14d263d1/black-25.1.0-cp313-cp313-macosx_10_13_x86_64.whl", hash = "sha256:8f0b18a02996a836cc9c9c78e5babec10930862827b1b724ddfe98ccf2f2fe4f", size = 1650673 },
    { url = "https://files.pythonhosted.org/packages/52/e5/f7bf17207cf87fa6e9b676576749c6b6ed0d70f179a3d812c997870291c3/black-25.1.0-cp313-cp313-macosx_11_0_arm64.whl", hash = "sha256:afebb7098bfbc70037a053b91ae8437c3857482d3a690fefc03e9ff7aa9a5fd3", size = 1453190 },
    { url = "https://files.pythonhosted.org/packages/e3/ee/adda3d46d4a9120772fae6de454c8495603c37c4c3b9c60f25b1ab6401fe/black-25.1.0-cp313-cp313-manylinux_2_17_x86_64.manylinux2014_x86_64.manylinux_2_28_x86_64.whl", hash = "sha256:030b9759066a4ee5e5aca28c3c77f9c64789cdd4de8ac1df642c40b708be6171", size = 1782926 },
    { url = "https://files.pythonhosted.org/packages/cc/64/94eb5f45dcb997d2082f097a3944cfc7fe87e071907f677e80788a2d7b7a/black-25.1.0-cp313-cp313-win_amd64.whl", hash = "sha256:a22f402b410566e2d1c950708c77ebf5ebd5d0d88a6a2e87c86d9fb48afa0d18", size = 1442613 },
    { url = "https://files.pythonhosted.org/packages/d3/b6/ae7507470a4830dbbfe875c701e84a4a5fb9183d1497834871a715716a92/black-25.1.0-cp39-cp39-macosx_10_9_x86_64.whl", hash = "sha256:a1ee0a0c330f7b5130ce0caed9936a904793576ef4d2b98c40835d6a65afa6a0", size = 1628593 },
    { url = "https://files.pythonhosted.org/packages/24/c1/ae36fa59a59f9363017ed397750a0cd79a470490860bc7713967d89cdd31/black-25.1.0-cp39-cp39-macosx_11_0_arm64.whl", hash = "sha256:f3df5f1bf91d36002b0a75389ca8663510cf0531cca8aa5c1ef695b46d98655f", size = 1460000 },
    { url = "https://files.pythonhosted.org/packages/ac/b6/98f832e7a6c49aa3a464760c67c7856363aa644f2f3c74cf7d624168607e/black-25.1.0-cp39-cp39-manylinux_2_17_x86_64.manylinux2014_x86_64.manylinux_2_28_x86_64.whl", hash = "sha256:d9e6827d563a2c820772b32ce8a42828dc6790f095f441beef18f96aa6f8294e", size = 1765963 },
    { url = "https://files.pythonhosted.org/packages/ce/e9/2cb0a017eb7024f70e0d2e9bdb8c5a5b078c5740c7f8816065d06f04c557/black-25.1.0-cp39-cp39-win_amd64.whl", hash = "sha256:bacabb307dca5ebaf9c118d2d2f6903da0d62c9faa82bd21a33eecc319559355", size = 1419419 },
    { url = "https://files.pythonhosted.org/packages/09/71/54e999902aed72baf26bca0d50781b01838251a462612966e9fc4891eadd/black-25.1.0-py3-none-any.whl", hash = "sha256:95e8176dae143ba9097f351d174fdaf0ccd29efb414b362ae3fd72bf0f710717", size = 207646 },
]

[[package]]
name = "braceexpand"
version = "0.1.7"
source = { registry = "https://pypi.org/simple" }
sdist = { url = "https://files.pythonhosted.org/packages/54/93/badd4f5ccf25209f3fef2573073da9fe4a45a3da99fca2f800f942130c0f/braceexpand-0.1.7.tar.gz", hash = "sha256:e6e539bd20eaea53547472ff94f4fb5c3d3bf9d0a89388c4b56663aba765f705", size = 7777 }
wheels = [
    { url = "https://files.pythonhosted.org/packages/fa/93/e8c04e80e82391a6e51f218ca49720f64236bc824e92152a2633b74cf7ab/braceexpand-0.1.7-py2.py3-none-any.whl", hash = "sha256:91332d53de7828103dcae5773fb43bc34950b0c8160e35e0f44c4427a3b85014", size = 5923 },
]

[[package]]
name = "click"
version = "8.1.8"
source = { registry = "https://pypi.org/simple" }
dependencies = [
    { name = "colorama", marker = "sys_platform == 'win32'" },
]
sdist = { url = "https://files.pythonhosted.org/packages/b9/2e/0090cbf739cee7d23781ad4b89a9894a41538e4fcf4c31dcdd705b78eb8b/click-8.1.8.tar.gz", hash = "sha256:ed53c9d8990d83c2a27deae68e4ee337473f6330c040a31d4225c9574d16096a", size = 226593 }
wheels = [
    { url = "https://files.pythonhosted.org/packages/7e/d4/7ebdbd03970677812aac39c869717059dbb71a4cfc033ca6e5221787892c/click-8.1.8-py3-none-any.whl", hash = "sha256:63c132bbbed01578a06712a2d1f497bb62d9c1c0d329b7903a866228027263b2", size = 98188 },
]

[[package]]
name = "colorama"
version = "0.4.6"
source = { registry = "https://pypi.org/simple" }
sdist = { url = "https://files.pythonhosted.org/packages/d8/53/6f443c9a4a8358a93a6792e2acffb9d9d5cb0a5cfd8802644b7b1c9a02e4/colorama-0.4.6.tar.gz", hash = "sha256:08695f5cb7ed6e0531a20572697297273c47b8cae5a63ffc6d6ed5c201be6e44", size = 27697 }
wheels = [
    { url = "https://files.pythonhosted.org/packages/d1/d6/3965ed04c63042e047cb6a3e6ed1a63a35087b6a609aa3a15ed8ac56c221/colorama-0.4.6-py2.py3-none-any.whl", hash = "sha256:4f1d9991f5acc0ca119f9d443620b77f9d6b33703e51011c16baf57afb285fc6", size = 25335 },
]

[[package]]
name = "isort"
version = "6.0.1"
source = { registry = "https://pypi.org/simple" }
sdist = { url = "https://files.pythonhosted.org/packages/b8/21/1e2a441f74a653a144224d7d21afe8f4169e6c7c20bb13aec3a2dc3815e0/isort-6.0.1.tar.gz", hash = "sha256:1cb5df28dfbc742e490c5e41bad6da41b805b0a8be7bc93cd0fb2a8a890ac450", size = 821955 }
wheels = [
    { url = "https://files.pythonhosted.org/packages/c1/11/114d0a5f4dabbdcedc1125dee0888514c3c3b16d3e9facad87ed96fad97c/isort-6.0.1-py3-none-any.whl", hash = "sha256:2dc5d7f65c9678d94c88dfc29161a320eec67328bc97aad576874cb4be1e9615", size = 94186 },
]

[[package]]
name = "lxml"
version = "4.9.4"
source = { registry = "https://pypi.org/simple" }
sdist = { url = "https://files.pythonhosted.org/packages/84/14/c2070b5e37c650198de8328467dd3d1681e80986f81ba0fea04fc4ec9883/lxml-4.9.4.tar.gz", hash = "sha256:b1541e50b78e15fa06a2670157a1962ef06591d4c998b998047fff5e3236880e", size = 3576664 }
wheels = [
    { url = "https://files.pythonhosted.org/packages/50/e4/e37f7f61ceaf0b29e7c5bf78fb1927818a52c986546459d33ccd742f2b8e/lxml-4.9.4-cp310-cp310-macosx_11_0_x86_64.whl", hash = "sha256:056a17eaaf3da87a05523472ae84246f87ac2f29a53306466c22e60282e54ff8", size = 4772989 },
    { url = "https://files.pythonhosted.org/packages/71/35/a8c656eac628ba9148852fdb17ae4b0ac217619aef6d25a15137ab4939f7/lxml-4.9.4-cp310-cp310-manylinux_2_12_i686.manylinux2010_i686.manylinux_2_24_i686.whl", hash = "sha256:aaa5c173a26960fe67daa69aa93d6d6a1cd714a6eb13802d4e4bd1d24a530644", size = 7098896 },
    { url = "https://files.pythonhosted.org/packages/a1/e8/665ea1d18f20a7c02d5561ea8500ded3148f3e9d8194efa2545e56fab059/lxml-4.9.4-cp310-cp310-manylinux_2_17_aarch64.manylinux2014_aarch64.manylinux_2_24_aarch64.whl", hash = "sha256:647459b23594f370c1c01768edaa0ba0959afc39caeeb793b43158bb9bb6a663", size = 6698798 },
    { url = "https://files.pythonhosted.org/packages/18/02/5e28cbbfff53d4e227114f507cb03d02973f0ba0e5ea3e11aea66fcfe471/lxml-4.9.4-cp310-cp310-manylinux_2_17_x86_64.manylinux2014_x86_64.manylinux_2_24_x86_64.whl", hash = "sha256:bdd9abccd0927673cffe601d2c6cdad1c9321bf3437a2f507d6b037ef91ea307", size = 7028701 },
    { url = "https://files.pythonhosted.org/packages/dd/3f/9bbd85d5baeae82b13f8e6b022f9bf34ffb5074f4f56d100854a5d66910d/lxml-4.9.4-cp310-cp310-manylinux_2_28_x86_64.whl", hash = "sha256:00e91573183ad273e242db5585b52670eddf92bacad095ce25c1e682da14ed91", size = 7910358 },
    { url = "https://files.pythonhosted.org/packages/c5/ab/39f7110584a0f8357cef9f3c92c98320d25efc6d51506b770cf9a5f1da6c/lxml-4.9.4-cp310-cp310-musllinux_1_1_aarch64.whl", hash = "sha256:a602ed9bd2c7d85bd58592c28e101bd9ff9c718fbde06545a70945ffd5d11868", size = 7479236 },
    { url = "https://files.pythonhosted.org/packages/9d/fd/16731c76b45117c9b9e0bc0ee3b6ffbf70d4d737549ce5fdc876e9e23064/lxml-4.9.4-cp310-cp310-musllinux_1_1_x86_64.whl", hash = "sha256:de362ac8bc962408ad8fae28f3967ce1a262b5d63ab8cefb42662566737f1dc7", size = 7678948 },
    { url = "https://files.pythonhosted.org/packages/04/93/0ef2a422606430217617c22d81459c99dba48cab114df7a5d460061a99eb/lxml-4.9.4-cp310-cp310-win32.whl", hash = "sha256:33714fcf5af4ff7e70a49731a7cc8fd9ce910b9ac194f66eaa18c3cc0a4c02be", size = 3463791 },
    { url = "https://files.pythonhosted.org/packages/30/2a/58deecb3418027bfecdffe470c53b44adafaf8a3b4f59e2d41d061ff315e/lxml-4.9.4-cp310-cp310-win_amd64.whl", hash = "sha256:d3caa09e613ece43ac292fbed513a4bce170681a447d25ffcbc1b647d45a39c5", size = 3784139 },
    { url = "https://files.pythonhosted.org/packages/97/af/c008644e292aaf12f823c6a1a74bda427ab6a59e292f31ffe8614d752765/lxml-4.9.4-cp311-cp311-macosx_11_0_universal2.whl", hash = "sha256:359a8b09d712df27849e0bcb62c6a3404e780b274b0b7e4c39a88826d1926c28", size = 8629333 },
    { url = "https://files.pythonhosted.org/packages/85/a4/e0bc143506866e6f153210241bbb6fda445ae611aacdd7d4875cc8a1dae3/lxml-4.9.4-cp311-cp311-manylinux_2_12_i686.manylinux2010_i686.manylinux_2_24_i686.whl", hash = "sha256:43498ea734ccdfb92e1886dfedaebeb81178a241d39a79d5351ba2b671bff2b2", size = 7166850 },
    { url = "https://files.pythonhosted.org/packages/3b/6f/186bd26f9cb644970d120514467c50a5acfd9eb43437f64e5525951a8c93/lxml-4.9.4-cp311-cp311-manylinux_2_17_aarch64.manylinux2014_aarch64.manylinux_2_24_aarch64.whl", hash = "sha256:4855161013dfb2b762e02b3f4d4a21cc7c6aec13c69e3bffbf5022b3e708dd97", size = 6761974 },
    { url = "https://files.pythonhosted.org/packages/49/b9/7f9a881e7f46e95207c596732d2067f30fc49b7518637381630c39bb48d4/lxml-4.9.4-cp311-cp311-manylinux_2_17_x86_64.manylinux2014_x86_64.manylinux_2_24_x86_64.whl", hash = "sha256:c71b5b860c5215fdbaa56f715bc218e45a98477f816b46cfde4a84d25b13274e", size = 7088938 },
    { url = "https://files.pythonhosted.org/packages/85/95/60d86f2737f6f68554d2f1023fb8312c011a0960cf8aad0581e4a72cc11f/lxml-4.9.4-cp311-cp311-manylinux_2_28_aarch64.whl", hash = "sha256:9a2b5915c333e4364367140443b59f09feae42184459b913f0f41b9fed55794a", size = 7635991 },
    { url = "https://files.pythonhosted.org/packages/be/2b/c240b9d4b1daf80573adbca0b6e3e3d69bb3838bebd9cb4c7d51ed315189/lxml-4.9.4-cp311-cp311-manylinux_2_28_x86_64.whl", hash = "sha256:d82411dbf4d3127b6cde7da0f9373e37ad3a43e89ef374965465928f01c2b979", size = 7897968 },
    { url = "https://files.pythonhosted.org/packages/98/0a/cf0fa269ebc015adb50119be2f02a327ce9e36e6cdb6a0f8dd1869198ee3/lxml-4.9.4-cp311-cp311-musllinux_1_1_aarch64.whl", hash = "sha256:273473d34462ae6e97c0f4e517bd1bf9588aa67a1d47d93f760a1282640e24ac", size = 7500340 },
    { url = "https://files.pythonhosted.org/packages/5e/54/7acd7c63796bffb89443729d95aaa6b8d81a79aa942f8fdd105f5a51bf13/lxml-4.9.4-cp311-cp311-musllinux_1_1_x86_64.whl", hash = "sha256:389d2b2e543b27962990ab529ac6720c3dded588cc6d0f6557eec153305a3622", size = 7699448 },
    { url = "https://files.pythonhosted.org/packages/57/74/b1b96f5bb47fae62b9a49a0df5f394f507f89cb55c4d534258924f4c0dc5/lxml-4.9.4-cp311-cp311-win32.whl", hash = "sha256:8aecb5a7f6f7f8fe9cac0bcadd39efaca8bbf8d1bf242e9f175cbe4c925116c3", size = 3455682 },
    { url = "https://files.pythonhosted.org/packages/00/c3/0e6e18ac7fbf9687440c7d54fb2f39055d61ade32545ab305e7e3186be73/lxml-4.9.4-cp311-cp311-win_amd64.whl", hash = "sha256:c7721a3ef41591341388bb2265395ce522aba52f969d33dacd822da8f018aff8", size = 3770258 },
    { url = "https://files.pythonhosted.org/packages/5c/ac/0abe4b25cae50247c5130539d0f45a201dbfe0ba69d3dd844411f90c9930/lxml-4.9.4-cp312-cp312-macosx_11_0_universal2.whl", hash = "sha256:dbcb2dc07308453db428a95a4d03259bd8caea97d7f0776842299f2d00c72fc8", size = 8624172 },
    { url = "https://files.pythonhosted.org/packages/33/e6/47c4675f0c58398c924915379eee8458bf7954644a7907ad8fbc1c42a380/lxml-4.9.4-cp312-cp312-manylinux_2_28_aarch64.whl", hash = "sha256:01bf1df1db327e748dcb152d17389cf6d0a8c5d533ef9bab781e9d5037619229", size = 7674086 },
    { url = "https://files.pythonhosted.org/packages/be/9e/5d88b189e91fae65140dc29904946297b3d9cfdf5449d4bc6e657a3ffc2d/lxml-4.9.4-cp312-cp312-manylinux_2_28_x86_64.whl", hash = "sha256:e8f9f93a23634cfafbad6e46ad7d09e0f4a25a2400e4a64b1b7b7c0fbaa06d9d", size = 8026189 },
    { url = "https://files.pythonhosted.org/packages/ea/08/ab6c2a803a5d5dce1fbbb32f5c133bbd0ebfe69476ab1eb5ffa3490b0b51/lxml-4.9.4-cp312-cp312-musllinux_1_1_aarch64.whl", hash = "sha256:3f3f00a9061605725df1816f5713d10cd94636347ed651abdbc75828df302b20", size = 7516933 },
    { url = "https://files.pythonhosted.org/packages/43/52/b0d387577620af767c73b8b20f28986e5aad70b44053ee296f8a472a12b1/lxml-4.9.4-cp312-cp312-musllinux_1_1_x86_64.whl", hash = "sha256:953dd5481bd6252bd480d6ec431f61d7d87fdcbbb71b0d2bdcfc6ae00bb6fb10", size = 7815609 },
    { url = "https://files.pythonhosted.org/packages/be/13/18230c0d567ed282a3d7b61395323e2ef8fc9ad64096fdd3d1b384fa3e3c/lxml-4.9.4-cp312-cp312-win32.whl", hash = "sha256:266f655d1baff9c47b52f529b5f6bec33f66042f65f7c56adde3fcf2ed62ae8b", size = 3460500 },
    { url = "https://files.pythonhosted.org/packages/5f/df/6d15cc415e04724ba4c141051cf43709e09bbcdd9868a6c2e7a7073ef498/lxml-4.9.4-cp312-cp312-win_amd64.whl", hash = "sha256:f1faee2a831fe249e1bae9cbc68d3cd8a30f7e37851deee4d7962b17c410dd56", size = 3773977 },
    { url = "https://files.pythonhosted.org/packages/9a/54/ef6739b53da94ed85f1d858b323139f91a0a2ebfe4010366cf33a9cbf147/lxml-4.9.4-cp39-cp39-macosx_11_0_x86_64.whl", hash = "sha256:f610d980e3fccf4394ab3806de6065682982f3d27c12d4ce3ee46a8183d64a6a", size = 4802410 },
    { url = "https://files.pythonhosted.org/packages/f6/3f/d72c54c20ef2b470839af9ccbe9ad996d9bcad8be1341b35ce0b9f9f3495/lxml-4.9.4-cp39-cp39-manylinux_2_12_i686.manylinux2010_i686.manylinux_2_24_i686.whl", hash = "sha256:aa9b5abd07f71b081a33115d9758ef6077924082055005808f68feccb27616bd", size = 7152279 },
    { url = "https://files.pythonhosted.org/packages/30/f0/d8d53cc3fe5d689826e53487a70d841d13306d15ecfdb11a1bbdccb12240/lxml-4.9.4-cp39-cp39-manylinux_2_17_aarch64.manylinux2014_aarch64.manylinux_2_24_aarch64.whl", hash = "sha256:365005e8b0718ea6d64b374423e870648ab47c3a905356ab6e5a5ff03962b9a9", size = 6748320 },
    { url = "https://files.pythonhosted.org/packages/15/67/0727aab943568d322dc76e27d913ef1ebbcd6af10f2a779061b5d1cbb3e1/lxml-4.9.4-cp39-cp39-manylinux_2_17_x86_64.manylinux2014_x86_64.manylinux_2_24_x86_64.whl", hash = "sha256:16b9ec51cc2feab009e800f2c6327338d6ee4e752c76e95a35c4465e80390ccd", size = 7071518 },
    { url = "https://files.pythonhosted.org/packages/34/68/8a379b7f0f7235b62b43103c554a8c46b0e702d087160214125a61aec0ea/lxml-4.9.4-cp39-cp39-manylinux_2_28_x86_64.whl", hash = "sha256:a905affe76f1802edcac554e3ccf68188bea16546071d7583fb1b693f9cf756b", size = 8040755 },
    { url = "https://files.pythonhosted.org/packages/83/3b/340a924a306b0f8d9b2cc9c5f6676ecfff7b52495b05e395f6ef25e91113/lxml-4.9.4-cp39-cp39-manylinux_2_5_i686.manylinux1_i686.whl", hash = "sha256:fd814847901df6e8de13ce69b84c31fc9b3fb591224d6762d0b256d510cbf382", size = 5485853 },
    { url = "https://files.pythonhosted.org/packages/be/e1/03e956ce6c5f383a8c4fd48212662449388bfd199b47f1d89531b5444eb7/lxml-4.9.4-cp39-cp39-manylinux_2_5_x86_64.manylinux1_x86_64.whl", hash = "sha256:91bbf398ac8bb7d65a5a52127407c05f75a18d7015a270fdd94bbcb04e65d573", size = 5630156 },
    { url = "https://files.pythonhosted.org/packages/2c/22/37a009feed55cd8b99f627317c8512df5a87f7dcb1275a3d80e3a05bd8de/lxml-4.9.4-cp39-cp39-musllinux_1_1_aarch64.whl", hash = "sha256:f99768232f036b4776ce419d3244a04fe83784bce871b16d2c2e984c7fcea847", size = 7620253 },
    { url = "https://files.pythonhosted.org/packages/35/12/40b4f4ef1a439ada9c871e5eb4c6aaebc05ce22fe82ca47637f46bac691f/lxml-4.9.4-cp39-cp39-musllinux_1_1_x86_64.whl", hash = "sha256:bb5bd6212eb0edfd1e8f254585290ea1dadc3687dd8fd5e2fd9a87c31915cdab", size = 7798865 },
    { url = "https://files.pythonhosted.org/packages/48/ad/eec51498fc635a952efb64805239cf1d1f839d7b6982b49e3653876bd8ab/lxml-4.9.4-cp39-cp39-win32.whl", hash = "sha256:88f7c383071981c74ec1998ba9b437659e4fd02a3c4a4d3efc16774eb108d0ec", size = 3487147 },
    { url = "https://files.pythonhosted.org/packages/29/23/f10ff5dd45be0f040a73104dc4fb6010589175c8ef4c5a84918d69ab4f9d/lxml-4.9.4-cp39-cp39-win_amd64.whl", hash = "sha256:936e8880cc00f839aa4173f94466a8406a96ddce814651075f95837316369899", size = 3900278 },
    { url = "https://files.pythonhosted.org/packages/f6/54/e7cc9b0019209fc553d5cb4cb460df25513754666665d5cd0f0ec19685ed/lxml-4.9.4-pp310-pypy310_pp73-macosx_11_0_x86_64.whl", hash = "sha256:f6c35b2f87c004270fa2e703b872fcc984d714d430b305145c39d53074e1ffe0", size = 4032797 },
    { url = "https://files.pythonhosted.org/packages/60/8a/fc26540cc544a989277bdedeb098604ea7da998ebfd7bd0e94a3a936a817/lxml-4.9.4-pp310-pypy310_pp73-manylinux_2_28_x86_64.whl", hash = "sha256:606d445feeb0856c2b424405236a01c71af7c97e5fe42fbc778634faef2b47e4", size = 6337726 },
    { url = "https://files.pythonhosted.org/packages/32/6e/8da1c75c1e3f4a92255ed48cc5ab9163c0d942dbfcea500409c670db173e/lxml-4.9.4-pp310-pypy310_pp73-win_amd64.whl", hash = "sha256:a1bdcbebd4e13446a14de4dd1825f1e778e099f17f79718b4aeaf2403624b0f7", size = 3395151 },
    { url = "https://files.pythonhosted.org/packages/73/8e/8dfdb9d223dd72f6f1c9bbee5e76eab4c8a1f2de78b1d9e65fec4bb76789/lxml-4.9.4-pp39-pypy39_pp73-macosx_11_0_x86_64.whl", hash = "sha256:9b556596c49fa1232b0fff4b0e69b9d4083a502e60e404b44341e2f8fb7187f5", size = 4031156 },
    { url = "https://files.pythonhosted.org/packages/b0/58/b0be5b6eb1e4983d38fee1ca0c1f2eb6348f79ebf13b867970b28b67760f/lxml-4.9.4-pp39-pypy39_pp73-manylinux_2_12_i686.manylinux2010_i686.manylinux_2_24_i686.whl", hash = "sha256:cc02c06e9e320869d7d1bd323df6dd4281e78ac2e7f8526835d3d48c69060683", size = 6057603 },
    { url = "https://files.pythonhosted.org/packages/95/c9/05b04a59bb6f9d2131a5573cfe4b07aad305d74012bef648bbaa66a7c622/lxml-4.9.4-pp39-pypy39_pp73-manylinux_2_17_x86_64.manylinux2014_x86_64.manylinux_2_24_x86_64.whl", hash = "sha256:857d6565f9aa3464764c2cb6a2e3c2e75e1970e877c188f4aeae45954a314e0c", size = 5973524 },
    { url = "https://files.pythonhosted.org/packages/95/ee/f792b695346212563294cdda4e92032ae3d8d68d43ed54bb862415adcbf1/lxml-4.9.4-pp39-pypy39_pp73-manylinux_2_28_x86_64.whl", hash = "sha256:c42ae7e010d7d6bc51875d768110c10e8a59494855c3d4c348b068f5fb81fdcd", size = 6327075 },
    { url = "https://files.pythonhosted.org/packages/41/47/5415fe77315d25f3a4f177690f445022fb82481b20b7d812a337fde2c703/lxml-4.9.4-pp39-pypy39_pp73-win_amd64.whl", hash = "sha256:f10250bb190fb0742e3e1958dd5c100524c2cc5096c67c8da51233f7448dc137", size = 3460800 },
]

[[package]]
name = "mypy-extensions"
version = "1.0.0"
source = { registry = "https://pypi.org/simple" }
sdist = { url = "https://files.pythonhosted.org/packages/98/a4/1ab47638b92648243faf97a5aeb6ea83059cc3624972ab6b8d2316078d3f/mypy_extensions-1.0.0.tar.gz", hash = "sha256:75dbf8955dc00442a438fc4d0666508a9a97b6bd41aa2f0ffe9d2f2725af0782", size = 4433 }
wheels = [
    { url = "https://files.pythonhosted.org/packages/2a/e2/5d3f6ada4297caebe1a2add3b126fe800c96f56dbe5d1988a2cbe0b267aa/mypy_extensions-1.0.0-py3-none-any.whl", hash = "sha256:4392f6c0eb8a5668a69e23d168ffa70f0be9ccfd32b5cc2d26a34ae5b844552d", size = 4695 },
]

[[package]]
name = "packaging"
version = "24.2"
source = { registry = "https://pypi.org/simple" }
sdist = { url = "https://files.pythonhosted.org/packages/d0/63/68dbb6eb2de9cb10ee4c9c14a0148804425e13c4fb20d61cce69f53106da/packaging-24.2.tar.gz", hash = "sha256:c228a6dc5e932d346bc5739379109d49e8853dd8223571c7c5b55260edc0b97f", size = 163950 }
wheels = [
    { url = "https://files.pythonhosted.org/packages/88/ef/eb23f262cca3c0c4eb7ab1933c3b1f03d021f2c48f54763065b6f0e321be/packaging-24.2-py3-none-any.whl", hash = "sha256:09abb1bccd265c01f4a3aa3f7a7db064b36514d2cba19a2f694fe6150451a759", size = 65451 },
]

[[package]]
name = "pathspec"
version = "0.12.1"
source = { registry = "https://pypi.org/simple" }
sdist = { url = "https://files.pythonhosted.org/packages/ca/bc/f35b8446f4531a7cb215605d100cd88b7ac6f44ab3fc94870c120ab3adbf/pathspec-0.12.1.tar.gz", hash = "sha256:a482d51503a1ab33b1c67a6c3813a26953dbdc71c31dacaef9a838c4e29f5712", size = 51043 }
wheels = [
    { url = "https://files.pythonhosted.org/packages/cc/20/ff623b09d963f88bfde16306a54e12ee5ea43e9b597108672ff3a408aad6/pathspec-0.12.1-py3-none-any.whl", hash = "sha256:a0d503e138a4c123b27490a4f7beda6a01c6f288df0e4a8b79c7eb0dc7b4cc08", size = 31191 },
]

[[package]]
name = "platformdirs"
version = "4.3.7"
source = { registry = "https://pypi.org/simple" }
sdist = { url = "https://files.pythonhosted.org/packages/b6/2d/7d512a3913d60623e7eb945c6d1b4f0bddf1d0b7ada5225274c87e5b53d1/platformdirs-4.3.7.tar.gz", hash = "sha256:eb437d586b6a0986388f0d6f74aa0cde27b48d0e3d66843640bfb6bdcdb6e351", size = 21291 }
wheels = [
    { url = "https://files.pythonhosted.org/packages/6d/45/59578566b3275b8fd9157885918fcd0c4d74162928a5310926887b856a51/platformdirs-4.3.7-py3-none-any.whl", hash = "sha256:a03875334331946f13c549dbd8f4bac7a13a50a895a0eb1e8c6a8ace80d40a94", size = 18499 },
]

[[package]]
name = "pyyaml"
version = "6.0.2"
source = { registry = "https://pypi.org/simple" }
sdist = { url = "https://files.pythonhosted.org/packages/54/ed/79a089b6be93607fa5cdaedf301d7dfb23af5f25c398d5ead2525b063e17/pyyaml-6.0.2.tar.gz", hash = "sha256:d584d9ec91ad65861cc08d42e834324ef890a082e591037abe114850ff7bbc3e", size = 130631 }
wheels = [
    { url = "https://files.pythonhosted.org/packages/9b/95/a3fac87cb7158e231b5a6012e438c647e1a87f09f8e0d123acec8ab8bf71/PyYAML-6.0.2-cp310-cp310-macosx_10_9_x86_64.whl", hash = "sha256:0a9a2848a5b7feac301353437eb7d5957887edbf81d56e903999a75a3d743086", size = 184199 },
    { url = "https://files.pythonhosted.org/packages/c7/7a/68bd47624dab8fd4afbfd3c48e3b79efe09098ae941de5b58abcbadff5cb/PyYAML-6.0.2-cp310-cp310-macosx_11_0_arm64.whl", hash = "sha256:29717114e51c84ddfba879543fb232a6ed60086602313ca38cce623c1d62cfbf", size = 171758 },
    { url = "https://files.pythonhosted.org/packages/49/ee/14c54df452143b9ee9f0f29074d7ca5516a36edb0b4cc40c3f280131656f/PyYAML-6.0.2-cp310-cp310-manylinux_2_17_aarch64.manylinux2014_aarch64.whl", hash = "sha256:8824b5a04a04a047e72eea5cec3bc266db09e35de6bdfe34c9436ac5ee27d237", size = 718463 },
    { url = "https://files.pythonhosted.org/packages/4d/61/de363a97476e766574650d742205be468921a7b532aa2499fcd886b62530/PyYAML-6.0.2-cp310-cp310-manylinux_2_17_s390x.manylinux2014_s390x.whl", hash = "sha256:7c36280e6fb8385e520936c3cb3b8042851904eba0e58d277dca80a5cfed590b", size = 719280 },
    { url = "https://files.pythonhosted.org/packages/6b/4e/1523cb902fd98355e2e9ea5e5eb237cbc5f3ad5f3075fa65087aa0ecb669/PyYAML-6.0.2-cp310-cp310-manylinux_2_17_x86_64.manylinux2014_x86_64.whl", hash = "sha256:ec031d5d2feb36d1d1a24380e4db6d43695f3748343d99434e6f5f9156aaa2ed", size = 751239 },
    { url = "https://files.pythonhosted.org/packages/b7/33/5504b3a9a4464893c32f118a9cc045190a91637b119a9c881da1cf6b7a72/PyYAML-6.0.2-cp310-cp310-musllinux_1_1_aarch64.whl", hash = "sha256:936d68689298c36b53b29f23c6dbb74de12b4ac12ca6cfe0e047bedceea56180", size = 695802 },
    { url = "https://files.pythonhosted.org/packages/5c/20/8347dcabd41ef3a3cdc4f7b7a2aff3d06598c8779faa189cdbf878b626a4/PyYAML-6.0.2-cp310-cp310-musllinux_1_1_x86_64.whl", hash = "sha256:23502f431948090f597378482b4812b0caae32c22213aecf3b55325e049a6c68", size = 720527 },
    { url = "https://files.pythonhosted.org/packages/be/aa/5afe99233fb360d0ff37377145a949ae258aaab831bde4792b32650a4378/PyYAML-6.0.2-cp310-cp310-win32.whl", hash = "sha256:2e99c6826ffa974fe6e27cdb5ed0021786b03fc98e5ee3c5bfe1fd5015f42b99", size = 144052 },
    { url = "https://files.pythonhosted.org/packages/b5/84/0fa4b06f6d6c958d207620fc60005e241ecedceee58931bb20138e1e5776/PyYAML-6.0.2-cp310-cp310-win_amd64.whl", hash = "sha256:a4d3091415f010369ae4ed1fc6b79def9416358877534caf6a0fdd2146c87a3e", size = 161774 },
    { url = "https://files.pythonhosted.org/packages/f8/aa/7af4e81f7acba21a4c6be026da38fd2b872ca46226673c89a758ebdc4fd2/PyYAML-6.0.2-cp311-cp311-macosx_10_9_x86_64.whl", hash = "sha256:cc1c1159b3d456576af7a3e4d1ba7e6924cb39de8f67111c735f6fc832082774", size = 184612 },
    { url = "https://files.pythonhosted.org/packages/8b/62/b9faa998fd185f65c1371643678e4d58254add437edb764a08c5a98fb986/PyYAML-6.0.2-cp311-cp311-macosx_11_0_arm64.whl", hash = "sha256:1e2120ef853f59c7419231f3bf4e7021f1b936f6ebd222406c3b60212205d2ee", size = 172040 },
    { url = "https://files.pythonhosted.org/packages/ad/0c/c804f5f922a9a6563bab712d8dcc70251e8af811fce4524d57c2c0fd49a4/PyYAML-6.0.2-cp311-cp311-manylinux_2_17_aarch64.manylinux2014_aarch64.whl", hash = "sha256:5d225db5a45f21e78dd9358e58a98702a0302f2659a3c6cd320564b75b86f47c", size = 736829 },
    { url = "https://files.pythonhosted.org/packages/51/16/6af8d6a6b210c8e54f1406a6b9481febf9c64a3109c541567e35a49aa2e7/PyYAML-6.0.2-cp311-cp311-manylinux_2_17_s390x.manylinux2014_s390x.whl", hash = "sha256:5ac9328ec4831237bec75defaf839f7d4564be1e6b25ac710bd1a96321cc8317", size = 764167 },
    { url = "https://files.pythonhosted.org/packages/75/e4/2c27590dfc9992f73aabbeb9241ae20220bd9452df27483b6e56d3975cc5/PyYAML-6.0.2-cp311-cp311-manylinux_2_17_x86_64.manylinux2014_x86_64.whl", hash = "sha256:3ad2a3decf9aaba3d29c8f537ac4b243e36bef957511b4766cb0057d32b0be85", size = 762952 },
    { url = "https://files.pythonhosted.org/packages/9b/97/ecc1abf4a823f5ac61941a9c00fe501b02ac3ab0e373c3857f7d4b83e2b6/PyYAML-6.0.2-cp311-cp311-musllinux_1_1_aarch64.whl", hash = "sha256:ff3824dc5261f50c9b0dfb3be22b4567a6f938ccce4587b38952d85fd9e9afe4", size = 735301 },
    { url = "https://files.pythonhosted.org/packages/45/73/0f49dacd6e82c9430e46f4a027baa4ca205e8b0a9dce1397f44edc23559d/PyYAML-6.0.2-cp311-cp311-musllinux_1_1_x86_64.whl", hash = "sha256:797b4f722ffa07cc8d62053e4cff1486fa6dc094105d13fea7b1de7d8bf71c9e", size = 756638 },
    { url = "https://files.pythonhosted.org/packages/22/5f/956f0f9fc65223a58fbc14459bf34b4cc48dec52e00535c79b8db361aabd/PyYAML-6.0.2-cp311-cp311-win32.whl", hash = "sha256:11d8f3dd2b9c1207dcaf2ee0bbbfd5991f571186ec9cc78427ba5bd32afae4b5", size = 143850 },
    { url = "https://files.pythonhosted.org/packages/ed/23/8da0bbe2ab9dcdd11f4f4557ccaf95c10b9811b13ecced089d43ce59c3c8/PyYAML-6.0.2-cp311-cp311-win_amd64.whl", hash = "sha256:e10ce637b18caea04431ce14fabcf5c64a1c61ec9c56b071a4b7ca131ca52d44", size = 161980 },
    { url = "https://files.pythonhosted.org/packages/86/0c/c581167fc46d6d6d7ddcfb8c843a4de25bdd27e4466938109ca68492292c/PyYAML-6.0.2-cp312-cp312-macosx_10_9_x86_64.whl", hash = "sha256:c70c95198c015b85feafc136515252a261a84561b7b1d51e3384e0655ddf25ab", size = 183873 },
    { url = "https://files.pythonhosted.org/packages/a8/0c/38374f5bb272c051e2a69281d71cba6fdb983413e6758b84482905e29a5d/PyYAML-6.0.2-cp312-cp312-macosx_11_0_arm64.whl", hash = "sha256:ce826d6ef20b1bc864f0a68340c8b3287705cae2f8b4b1d932177dcc76721725", size = 173302 },
    { url = "https://files.pythonhosted.org/packages/c3/93/9916574aa8c00aa06bbac729972eb1071d002b8e158bd0e83a3b9a20a1f7/PyYAML-6.0.2-cp312-cp312-manylinux_2_17_aarch64.manylinux2014_aarch64.whl", hash = "sha256:1f71ea527786de97d1a0cc0eacd1defc0985dcf6b3f17bb77dcfc8c34bec4dc5", size = 739154 },
    { url = "https://files.pythonhosted.org/packages/95/0f/b8938f1cbd09739c6da569d172531567dbcc9789e0029aa070856f123984/PyYAML-6.0.2-cp312-cp312-manylinux_2_17_s390x.manylinux2014_s390x.whl", hash = "sha256:9b22676e8097e9e22e36d6b7bda33190d0d400f345f23d4065d48f4ca7ae0425", size = 766223 },
    { url = "https://files.pythonhosted.org/packages/b9/2b/614b4752f2e127db5cc206abc23a8c19678e92b23c3db30fc86ab731d3bd/PyYAML-6.0.2-cp312-cp312-manylinux_2_17_x86_64.manylinux2014_x86_64.whl", hash = "sha256:80bab7bfc629882493af4aa31a4cfa43a4c57c83813253626916b8c7ada83476", size = 767542 },
    { url = "https://files.pythonhosted.org/packages/d4/00/dd137d5bcc7efea1836d6264f049359861cf548469d18da90cd8216cf05f/PyYAML-6.0.2-cp312-cp312-musllinux_1_1_aarch64.whl", hash = "sha256:0833f8694549e586547b576dcfaba4a6b55b9e96098b36cdc7ebefe667dfed48", size = 731164 },
    { url = "https://files.pythonhosted.org/packages/c9/1f/4f998c900485e5c0ef43838363ba4a9723ac0ad73a9dc42068b12aaba4e4/PyYAML-6.0.2-cp312-cp312-musllinux_1_1_x86_64.whl", hash = "sha256:8b9c7197f7cb2738065c481a0461e50ad02f18c78cd75775628afb4d7137fb3b", size = 756611 },
    { url = "https://files.pythonhosted.org/packages/df/d1/f5a275fdb252768b7a11ec63585bc38d0e87c9e05668a139fea92b80634c/PyYAML-6.0.2-cp312-cp312-win32.whl", hash = "sha256:ef6107725bd54b262d6dedcc2af448a266975032bc85ef0172c5f059da6325b4", size = 140591 },
    { url = "https://files.pythonhosted.org/packages/0c/e8/4f648c598b17c3d06e8753d7d13d57542b30d56e6c2dedf9c331ae56312e/PyYAML-6.0.2-cp312-cp312-win_amd64.whl", hash = "sha256:7e7401d0de89a9a855c839bc697c079a4af81cf878373abd7dc625847d25cbd8", size = 156338 },
    { url = "https://files.pythonhosted.org/packages/ef/e3/3af305b830494fa85d95f6d95ef7fa73f2ee1cc8ef5b495c7c3269fb835f/PyYAML-6.0.2-cp313-cp313-macosx_10_13_x86_64.whl", hash = "sha256:efdca5630322a10774e8e98e1af481aad470dd62c3170801852d752aa7a783ba", size = 181309 },
    { url = "https://files.pythonhosted.org/packages/45/9f/3b1c20a0b7a3200524eb0076cc027a970d320bd3a6592873c85c92a08731/PyYAML-6.0.2-cp313-cp313-macosx_11_0_arm64.whl", hash = "sha256:50187695423ffe49e2deacb8cd10510bc361faac997de9efef88badc3bb9e2d1", size = 171679 },
    { url = "https://files.pythonhosted.org/packages/7c/9a/337322f27005c33bcb656c655fa78325b730324c78620e8328ae28b64d0c/PyYAML-6.0.2-cp313-cp313-manylinux_2_17_aarch64.manylinux2014_aarch64.whl", hash = "sha256:0ffe8360bab4910ef1b9e87fb812d8bc0a308b0d0eef8c8f44e0254ab3b07133", size = 733428 },
    { url = "https://files.pythonhosted.org/packages/a3/69/864fbe19e6c18ea3cc196cbe5d392175b4cf3d5d0ac1403ec3f2d237ebb5/PyYAML-6.0.2-cp313-cp313-manylinux_2_17_s390x.manylinux2014_s390x.whl", hash = "sha256:17e311b6c678207928d649faa7cb0d7b4c26a0ba73d41e99c4fff6b6c3276484", size = 763361 },
    { url = "https://files.pythonhosted.org/packages/04/24/b7721e4845c2f162d26f50521b825fb061bc0a5afcf9a386840f23ea19fa/PyYAML-6.0.2-cp313-cp313-manylinux_2_17_x86_64.manylinux2014_x86_64.whl", hash = "sha256:70b189594dbe54f75ab3a1acec5f1e3faa7e8cf2f1e08d9b561cb41b845f69d5", size = 759523 },
    { url = "https://files.pythonhosted.org/packages/2b/b2/e3234f59ba06559c6ff63c4e10baea10e5e7df868092bf9ab40e5b9c56b6/PyYAML-6.0.2-cp313-cp313-musllinux_1_1_aarch64.whl", hash = "sha256:41e4e3953a79407c794916fa277a82531dd93aad34e29c2a514c2c0c5fe971cc", size = 726660 },
    { url = "https://files.pythonhosted.org/packages/fe/0f/25911a9f080464c59fab9027482f822b86bf0608957a5fcc6eaac85aa515/PyYAML-6.0.2-cp313-cp313-musllinux_1_1_x86_64.whl", hash = "sha256:68ccc6023a3400877818152ad9a1033e3db8625d899c72eacb5a668902e4d652", size = 751597 },
    { url = "https://files.pythonhosted.org/packages/14/0d/e2c3b43bbce3cf6bd97c840b46088a3031085179e596d4929729d8d68270/PyYAML-6.0.2-cp313-cp313-win32.whl", hash = "sha256:bc2fa7c6b47d6bc618dd7fb02ef6fdedb1090ec036abab80d4681424b84c1183", size = 140527 },
    { url = "https://files.pythonhosted.org/packages/fa/de/02b54f42487e3d3c6efb3f89428677074ca7bf43aae402517bc7cca949f3/PyYAML-6.0.2-cp313-cp313-win_amd64.whl", hash = "sha256:8388ee1976c416731879ac16da0aff3f63b286ffdd57cdeb95f3f2e085687563", size = 156446 },
    { url = "https://files.pythonhosted.org/packages/65/d8/b7a1db13636d7fb7d4ff431593c510c8b8fca920ade06ca8ef20015493c5/PyYAML-6.0.2-cp39-cp39-macosx_10_9_x86_64.whl", hash = "sha256:688ba32a1cffef67fd2e9398a2efebaea461578b0923624778664cc1c914db5d", size = 184777 },
    { url = "https://files.pythonhosted.org/packages/0a/02/6ec546cd45143fdf9840b2c6be8d875116a64076218b61d68e12548e5839/PyYAML-6.0.2-cp39-cp39-macosx_11_0_arm64.whl", hash = "sha256:a8786accb172bd8afb8be14490a16625cbc387036876ab6ba70912730faf8e1f", size = 172318 },
    { url = "https://files.pythonhosted.org/packages/0e/9a/8cc68be846c972bda34f6c2a93abb644fb2476f4dcc924d52175786932c9/PyYAML-6.0.2-cp39-cp39-manylinux_2_17_aarch64.manylinux2014_aarch64.whl", hash = "sha256:d8e03406cac8513435335dbab54c0d385e4a49e4945d2909a581c83647ca0290", size = 720891 },
    { url = "https://files.pythonhosted.org/packages/e9/6c/6e1b7f40181bc4805e2e07f4abc10a88ce4648e7e95ff1abe4ae4014a9b2/PyYAML-6.0.2-cp39-cp39-manylinux_2_17_s390x.manylinux2014_s390x.whl", hash = "sha256:f753120cb8181e736c57ef7636e83f31b9c0d1722c516f7e86cf15b7aa57ff12", size = 722614 },
    { url = "https://files.pythonhosted.org/packages/3d/32/e7bd8535d22ea2874cef6a81021ba019474ace0d13a4819c2a4bce79bd6a/PyYAML-6.0.2-cp39-cp39-manylinux_2_17_x86_64.manylinux2014_x86_64.whl", hash = "sha256:3b1fdb9dc17f5a7677423d508ab4f243a726dea51fa5e70992e59a7411c89d19", size = 737360 },
    { url = "https://files.pythonhosted.org/packages/d7/12/7322c1e30b9be969670b672573d45479edef72c9a0deac3bb2868f5d7469/PyYAML-6.0.2-cp39-cp39-musllinux_1_1_aarch64.whl", hash = "sha256:0b69e4ce7a131fe56b7e4d770c67429700908fc0752af059838b1cfb41960e4e", size = 699006 },
    { url = "https://files.pythonhosted.org/packages/82/72/04fcad41ca56491995076630c3ec1e834be241664c0c09a64c9a2589b507/PyYAML-6.0.2-cp39-cp39-musllinux_1_1_x86_64.whl", hash = "sha256:a9f8c2e67970f13b16084e04f134610fd1d374bf477b17ec1599185cf611d725", size = 723577 },
    { url = "https://files.pythonhosted.org/packages/ed/5e/46168b1f2757f1fcd442bc3029cd8767d88a98c9c05770d8b420948743bb/PyYAML-6.0.2-cp39-cp39-win32.whl", hash = "sha256:6395c297d42274772abc367baaa79683958044e5d3835486c16da75d2a694631", size = 144593 },
    { url = "https://files.pythonhosted.org/packages/19/87/5124b1c1f2412bb95c59ec481eaf936cd32f0fe2a7b16b97b81c4c017a6a/PyYAML-6.0.2-cp39-cp39-win_amd64.whl", hash = "sha256:39693e1f8320ae4f43943590b49779ffb98acb81f788220ea932a6b6c51004d8", size = 162312 },
]

[[package]]
name = "svdtools"
source = { editable = "." }
dependencies = [
    { name = "braceexpand" },
    { name = "click" },
    { name = "lxml" },
    { name = "pyyaml" },
]

[package.optional-dependencies]
dev = [
    { name = "black" },
    { name = "isort" },
]

[package.metadata]
requires-dist = [
    { name = "black", marker = "extra == 'dev'" },
    { name = "braceexpand", specifier = "~=0.1.7" },
    { name = "click", specifier = "~=8.0" },
    { name = "isort", marker = "extra == 'dev'" },
    { name = "lxml", specifier = "~=4.6" },
    { name = "pyyaml", specifier = ">=5.3,<7" },
]
provides-extras = ["dev"]

[[package]]
name = "tomli"
version = "2.2.1"
source = { registry = "https://pypi.org/simple" }
sdist = { url = "https://files.pythonhosted.org/packages/18/87/302344fed471e44a87289cf4967697d07e532f2421fdaf868a303cbae4ff/tomli-2.2.1.tar.gz", hash = "sha256:cd45e1dc79c835ce60f7404ec8119f2eb06d38b1deba146f07ced3bbc44505ff", size = 17175 }
wheels = [
    { url = "https://files.pythonhosted.org/packages/43/ca/75707e6efa2b37c77dadb324ae7d9571cb424e61ea73fad7c56c2d14527f/tomli-2.2.1-cp311-cp311-macosx_10_9_x86_64.whl", hash = "sha256:678e4fa69e4575eb77d103de3df8a895e1591b48e740211bd1067378c69e8249", size = 131077 },
    { url = "https://files.pythonhosted.org/packages/c7/16/51ae563a8615d472fdbffc43a3f3d46588c264ac4f024f63f01283becfbb/tomli-2.2.1-cp311-cp311-macosx_11_0_arm64.whl", hash = "sha256:023aa114dd824ade0100497eb2318602af309e5a55595f76b626d6d9f3b7b0a6", size = 123429 },
    { url = "https://files.pythonhosted.org/packages/f1/dd/4f6cd1e7b160041db83c694abc78e100473c15d54620083dbd5aae7b990e/tomli-2.2.1-cp311-cp311-manylinux_2_17_aarch64.manylinux2014_aarch64.whl", hash = "sha256:ece47d672db52ac607a3d9599a9d48dcb2f2f735c6c2d1f34130085bb12b112a", size = 226067 },
    { url = "https://files.pythonhosted.org/packages/a9/6b/c54ede5dc70d648cc6361eaf429304b02f2871a345bbdd51e993d6cdf550/tomli-2.2.1-cp311-cp311-manylinux_2_17_x86_64.manylinux2014_x86_64.whl", hash = "sha256:6972ca9c9cc9f0acaa56a8ca1ff51e7af152a9f87fb64623e31d5c83700080ee", size = 236030 },
    { url = "https://files.pythonhosted.org/packages/1f/47/999514fa49cfaf7a92c805a86c3c43f4215621855d151b61c602abb38091/tomli-2.2.1-cp311-cp311-manylinux_2_5_i686.manylinux1_i686.manylinux_2_17_i686.manylinux2014_i686.whl", hash = "sha256:c954d2250168d28797dd4e3ac5cf812a406cd5a92674ee4c8f123c889786aa8e", size = 240898 },
    { url = "https://files.pythonhosted.org/packages/73/41/0a01279a7ae09ee1573b423318e7934674ce06eb33f50936655071d81a24/tomli-2.2.1-cp311-cp311-musllinux_1_2_aarch64.whl", hash = "sha256:8dd28b3e155b80f4d54beb40a441d366adcfe740969820caf156c019fb5c7ec4", size = 229894 },
    { url = "https://files.pythonhosted.org/packages/55/18/5d8bc5b0a0362311ce4d18830a5d28943667599a60d20118074ea1b01bb7/tomli-2.2.1-cp311-cp311-musllinux_1_2_i686.whl", hash = "sha256:e59e304978767a54663af13c07b3d1af22ddee3bb2fb0618ca1593e4f593a106", size = 245319 },
    { url = "https://files.pythonhosted.org/packages/92/a3/7ade0576d17f3cdf5ff44d61390d4b3febb8a9fc2b480c75c47ea048c646/tomli-2.2.1-cp311-cp311-musllinux_1_2_x86_64.whl", hash = "sha256:33580bccab0338d00994d7f16f4c4ec25b776af3ffaac1ed74e0b3fc95e885a8", size = 238273 },
    { url = "https://files.pythonhosted.org/packages/72/6f/fa64ef058ac1446a1e51110c375339b3ec6be245af9d14c87c4a6412dd32/tomli-2.2.1-cp311-cp311-win32.whl", hash = "sha256:465af0e0875402f1d226519c9904f37254b3045fc5084697cefb9bdde1ff99ff", size = 98310 },
    { url = "https://files.pythonhosted.org/packages/6a/1c/4a2dcde4a51b81be3530565e92eda625d94dafb46dbeb15069df4caffc34/tomli-2.2.1-cp311-cp311-win_amd64.whl", hash = "sha256:2d0f2fdd22b02c6d81637a3c95f8cd77f995846af7414c5c4b8d0545afa1bc4b", size = 108309 },
    { url = "https://files.pythonhosted.org/packages/52/e1/f8af4c2fcde17500422858155aeb0d7e93477a0d59a98e56cbfe75070fd0/tomli-2.2.1-cp312-cp312-macosx_10_13_x86_64.whl", hash = "sha256:4a8f6e44de52d5e6c657c9fe83b562f5f4256d8ebbfe4ff922c495620a7f6cea", size = 132762 },
    { url = "https://files.pythonhosted.org/packages/03/b8/152c68bb84fc00396b83e7bbddd5ec0bd3dd409db4195e2a9b3e398ad2e3/tomli-2.2.1-cp312-cp312-macosx_11_0_arm64.whl", hash = "sha256:8d57ca8095a641b8237d5b079147646153d22552f1c637fd3ba7f4b0b29167a8", size = 123453 },
    { url = "https://files.pythonhosted.org/packages/c8/d6/fc9267af9166f79ac528ff7e8c55c8181ded34eb4b0e93daa767b8841573/tomli-2.2.1-cp312-cp312-manylinux_2_17_aarch64.manylinux2014_aarch64.whl", hash = "sha256:4e340144ad7ae1533cb897d406382b4b6fede8890a03738ff1683af800d54192", size = 233486 },
    { url = "https://files.pythonhosted.org/packages/5c/51/51c3f2884d7bab89af25f678447ea7d297b53b5a3b5730a7cb2ef6069f07/tomli-2.2.1-cp312-cp312-manylinux_2_17_x86_64.manylinux2014_x86_64.whl", hash = "sha256:db2b95f9de79181805df90bedc5a5ab4c165e6ec3fe99f970d0e302f384ad222", size = 242349 },
    { url = "https://files.pythonhosted.org/packages/ab/df/bfa89627d13a5cc22402e441e8a931ef2108403db390ff3345c05253935e/tomli-2.2.1-cp312-cp312-manylinux_2_5_i686.manylinux1_i686.manylinux_2_17_i686.manylinux2014_i686.whl", hash = "sha256:40741994320b232529c802f8bc86da4e1aa9f413db394617b9a256ae0f9a7f77", size = 252159 },
    { url = "https://files.pythonhosted.org/packages/9e/6e/fa2b916dced65763a5168c6ccb91066f7639bdc88b48adda990db10c8c0b/tomli-2.2.1-cp312-cp312-musllinux_1_2_aarch64.whl", hash = "sha256:400e720fe168c0f8521520190686ef8ef033fb19fc493da09779e592861b78c6", size = 237243 },
    { url = "https://files.pythonhosted.org/packages/b4/04/885d3b1f650e1153cbb93a6a9782c58a972b94ea4483ae4ac5cedd5e4a09/tomli-2.2.1-cp312-cp312-musllinux_1_2_i686.whl", hash = "sha256:02abe224de6ae62c19f090f68da4e27b10af2b93213d36cf44e6e1c5abd19fdd", size = 259645 },
    { url = "https://files.pythonhosted.org/packages/9c/de/6b432d66e986e501586da298e28ebeefd3edc2c780f3ad73d22566034239/tomli-2.2.1-cp312-cp312-musllinux_1_2_x86_64.whl", hash = "sha256:b82ebccc8c8a36f2094e969560a1b836758481f3dc360ce9a3277c65f374285e", size = 244584 },
    { url = "https://files.pythonhosted.org/packages/1c/9a/47c0449b98e6e7d1be6cbac02f93dd79003234ddc4aaab6ba07a9a7482e2/tomli-2.2.1-cp312-cp312-win32.whl", hash = "sha256:889f80ef92701b9dbb224e49ec87c645ce5df3fa2cc548664eb8a25e03127a98", size = 98875 },
    { url = "https://files.pythonhosted.org/packages/ef/60/9b9638f081c6f1261e2688bd487625cd1e660d0a85bd469e91d8db969734/tomli-2.2.1-cp312-cp312-win_amd64.whl", hash = "sha256:7fc04e92e1d624a4a63c76474610238576942d6b8950a2d7f908a340494e67e4", size = 109418 },
    { url = "https://files.pythonhosted.org/packages/04/90/2ee5f2e0362cb8a0b6499dc44f4d7d48f8fff06d28ba46e6f1eaa61a1388/tomli-2.2.1-cp313-cp313-macosx_10_13_x86_64.whl", hash = "sha256:f4039b9cbc3048b2416cc57ab3bda989a6fcf9b36cf8937f01a6e731b64f80d7", size = 132708 },
    { url = "https://files.pythonhosted.org/packages/c0/ec/46b4108816de6b385141f082ba99e315501ccd0a2ea23db4a100dd3990ea/tomli-2.2.1-cp313-cp313-macosx_11_0_arm64.whl", hash = "sha256:286f0ca2ffeeb5b9bd4fcc8d6c330534323ec51b2f52da063b11c502da16f30c", size = 123582 },
    { url = "https://files.pythonhosted.org/packages/a0/bd/b470466d0137b37b68d24556c38a0cc819e8febe392d5b199dcd7f578365/tomli-2.2.1-cp313-cp313-manylinux_2_17_aarch64.manylinux2014_aarch64.whl", hash = "sha256:a92ef1a44547e894e2a17d24e7557a5e85a9e1d0048b0b5e7541f76c5032cb13", size = 232543 },
    { url = "https://files.pythonhosted.org/packages/d9/e5/82e80ff3b751373f7cead2815bcbe2d51c895b3c990686741a8e56ec42ab/tomli-2.2.1-cp313-cp313-manylinux_2_17_x86_64.manylinux2014_x86_64.whl", hash = "sha256:9316dc65bed1684c9a98ee68759ceaed29d229e985297003e494aa825ebb0281", size = 241691 },
    { url = "https://files.pythonhosted.org/packages/05/7e/2a110bc2713557d6a1bfb06af23dd01e7dde52b6ee7dadc589868f9abfac/tomli-2.2.1-cp313-cp313-manylinux_2_5_i686.manylinux1_i686.manylinux_2_17_i686.manylinux2014_i686.whl", hash = "sha256:e85e99945e688e32d5a35c1ff38ed0b3f41f43fad8df0bdf79f72b2ba7bc5272", size = 251170 },
    { url = "https://files.pythonhosted.org/packages/64/7b/22d713946efe00e0adbcdfd6d1aa119ae03fd0b60ebed51ebb3fa9f5a2e5/tomli-2.2.1-cp313-cp313-musllinux_1_2_aarch64.whl", hash = "sha256:ac065718db92ca818f8d6141b5f66369833d4a80a9d74435a268c52bdfa73140", size = 236530 },
    { url = "https://files.pythonhosted.org/packages/38/31/3a76f67da4b0cf37b742ca76beaf819dca0ebef26d78fc794a576e08accf/tomli-2.2.1-cp313-cp313-musllinux_1_2_i686.whl", hash = "sha256:d920f33822747519673ee656a4b6ac33e382eca9d331c87770faa3eef562aeb2", size = 258666 },
    { url = "https://files.pythonhosted.org/packages/07/10/5af1293da642aded87e8a988753945d0cf7e00a9452d3911dd3bb354c9e2/tomli-2.2.1-cp313-cp313-musllinux_1_2_x86_64.whl", hash = "sha256:a198f10c4d1b1375d7687bc25294306e551bf1abfa4eace6650070a5c1ae2744", size = 243954 },
    { url = "https://files.pythonhosted.org/packages/5b/b9/1ed31d167be802da0fc95020d04cd27b7d7065cc6fbefdd2f9186f60d7bd/tomli-2.2.1-cp313-cp313-win32.whl", hash = "sha256:d3f5614314d758649ab2ab3a62d4f2004c825922f9e370b29416484086b264ec", size = 98724 },
    { url = "https://files.pythonhosted.org/packages/c7/32/b0963458706accd9afcfeb867c0f9175a741bf7b19cd424230714d722198/tomli-2.2.1-cp313-cp313-win_amd64.whl", hash = "sha256:a38aa0308e754b0e3c67e344754dff64999ff9b513e691d0e786265c93583c69", size = 109383 },
    { url = "https://files.pythonhosted.org/packages/6e/c2/61d3e0f47e2b74ef40a68b9e6ad5984f6241a942f7cd3bbfbdbd03861ea9/tomli-2.2.1-py3-none-any.whl", hash = "sha256:cb55c73c5f4408779d0cf3eef9f762b9c9f147a77de7b258bef0a5628adc85cc", size = 14257 },
]

[[package]]
name = "typing-extensions"
version = "4.13.2"
source = { registry = "https://pypi.org/simple" }
sdist = { url = "https://files.pythonhosted.org/packages/f6/37/23083fcd6e35492953e8d2aaaa68b860eb422b34627b13f2ce3eb6106061/typing_extensions-4.13.2.tar.gz", hash = "sha256:e6c81219bd689f51865d9e372991c540bda33a0379d5573cddb9a3a23f7caaef", size = 106967 }
wheels = [
    { url = "https://files.pythonhosted.org/packages/8b/54/b1ae86c0973cc6f0210b53d508ca3641fb6d0c56823f288d108bc7ab3cc8/typing_extensions-4.13.2-py3-none-any.whl", hash = "sha256:a439e7c04b49fec3e5d3e2beaa21755cadbbdc391694e28ccdd36ca4a1408f8c", size = 45806 },
]
